{
  "dependencies": {
    "cron": {
      "version": "1.0.9",
      "dependencies": {
        "moment-timezone": {
          "version": "0.3.1",
          "dependencies": {
            "moment": {
              "version": "2.10.6"
            }
          }
        }
      }
    },
    "hummus": {
      "version": "1.0.41"
    },
    "mkdirp": {
      "version": "0.5.1",
      "dependencies": {
        "minimist": {
          "version": "0.0.8"
        }
      }
    }
  }
}
